Microsoft Visual Studio Solution File, Format Version 11.00
# Visual Studio 2008

Project("{E3416675-E3A2-0772-D0B7-8F45F4CE995D}") = "Minecraft", "Assembly-CSharp-firstpass.csproj", "{9F0B7528-384F-CABB-F67A-6E79D00E9438}"
EndProject
Project("{E3416675-E3A2-0772-D0B7-8F45F4CE995D}") = "Minecraft", "Assembly-CSharp.csproj", "{6D84558F-D623-0CB4-722B-FC6D96BDFC85}"
EndProject
Project("{E3416675-E3A2-0772-D0B7-8F45F4CE995D}") = "Minecraft", "Assembly-CSharp-Editor.csproj", "{0B0605DC-9903-7F64-7A4D-AE727201FEF2}"
EndProject
Global
	GlobalSection(SolutionConfigurationPlatforms) = preSolution
		Debug|Any CPU = Debug|Any CPU
		Release|Any CPU = Release|Any CPU
	EndGlobalSection
	GlobalSection(ProjectConfigurationPlatforms) = postSolution
		{9F0B7528-384F-CABB-F67A-6E79D00E9438}.Debug|Any CPU.ActiveCfg = Debug|Any CPU
		{9F0B7528-384F-CABB-F67A-6E79D00E9438}.Debug|Any CPU.Build.0 = Debug|Any CPU
		{9F0B7528-384F-CABB-F67A-6E79D00E9438}.Release|Any CPU.ActiveCfg = Release|Any CPU
		{9F0B7528-384F-CABB-F67A-6E79D00E9438}.Release|Any CPU.Build.0 = Release|Any CPU
		{6D84558F-D623-0CB4-722B-FC6D96BDFC85}.Debug|Any CPU.ActiveCfg = Debug|Any CPU
		{6D84558F-D623-0CB4-722B-FC6D96BDFC85}.Debug|Any CPU.Build.0 = Debug|Any CPU
		{6D84558F-D623-0CB4-722B-FC6D96BDFC85}.Release|Any CPU.ActiveCfg = Release|Any CPU
		{6D84558F-D623-0CB4-722B-FC6D96BDFC85}.Release|Any CPU.Build.0 = Release|Any CPU
		{0B0605DC-9903-7F64-7A4D-AE727201FEF2}.Debug|Any CPU.ActiveCfg = Debug|Any CPU
		{0B0605DC-9903-7F64-7A4D-AE727201FEF2}.Debug|Any CPU.Build.0 = Debug|Any CPU
		{0B0605DC-9903-7F64-7A4D-AE727201FEF2}.Release|Any CPU.ActiveCfg = Release|Any CPU
		{0B0605DC-9903-7F64-7A4D-AE727201FEF2}.Release|Any CPU.Build.0 = Release|Any CPU
	EndGlobalSection
	GlobalSection(SolutionProperties) = preSolution
		HideSolutionNode = FALSE
	EndGlobalSection
	GlobalSection(MonoDevelopProperties) = preSolution
		StartupItem = Assembly-CSharp.csproj
	EndGlobalSection
EndGlobal
